<?xml version="1.0" encoding="utf-8"?>
<Project ToolsVersion="17.0" xmlns="http://schemas.microsoft.com/developer/msbuild/2003">
  <ItemGroup>
    <ClCompile Include="D:\FILES\project\modernization RanOnline\modern\tests\CoreFoundationTests.cpp">
      <Filter>Source Files</Filter>
    </ClCompile>
    <ClCompile Include="D:\FILES\project\modernization RanOnline\modern\tests\StatCalculationTests.cpp">
      <Filter>Source Files</Filter>
    </ClCompile>
    <ClCompile Include="D:\FILES\project\modernization RanOnline\modern\tests\EquipmentTests.cpp">
      <Filter>Source Files</Filter>
    </ClCompile>
    <ClCompile Include="D:\FILES\project\modernization RanOnline\modern\tests\SkillTests.cpp">
      <Filter>Source Files</Filter>
    </ClCompile>
    <ClCompile Include="D:\FILES\project\modernization RanOnline\modern\tests\CodexTests.cpp">
      <Filter>Source Files</Filter>
    </ClCompile>
  </ItemGroup>
  <ItemGroup>
    <CustomBuild Include="D:\FILES\project\modernization RanOnline\modern\tests\CMakeLists.txt" />
  </ItemGroup>
  <ItemGroup>
    <Filter Include="Source Files">
      <UniqueIdentifier>{598C0830-0FF9-3666-922B-8393392E443B}</UniqueIdentifier>
    </Filter>
  </ItemGroup>
</Project>
