
Microsoft Visual Studio Solution File, Format Version 12.00
# Visual Studio Version 17
Project("{2150E333-8FDC-42A3-9474-1A3956D46DE8}") = "CMakePredefinedTargets", "CMakePredefinedTargets", "{A97F7A3B-6E7D-3AB1-ABA7-55A38C561C18}"
EndProject
Project("{8BC9CEB8-8B4A-11D0-8D11-00A0C91BC942}") = "ALL_BUILD", "ALL_BUILD.vcxproj", "{7642FF1A-70FB-39AB-91D7-3407D84EF134}"
	ProjectSection(ProjectDependencies) = postProject
		{750C13B4-944F-320B-919D-6773D3AFACE9} = {750C13B4-944F-320B-919D-6773D3AFACE9}
		{70DBB8C5-3C23-3B07-8F91-BC656DD1A0EC} = {70DBB8C5-3C23-3B07-8F91-BC656DD1A0EC}
		{EAEA0563-86FF-3B97-8C81-06F914175741} = {EAEA0563-86FF-3B97-8C81-06F914175741}
		{037AFC1F-C7EC-3E60-9CE0-D7DB1732A795} = {037AFC1F-C7EC-3E60-9CE0-D7DB1732A795}
		{456E389A-13F4-32DE-9780-99E92FD14706} = {456E389A-13F4-32DE-9780-99E92FD14706}
		{1FA037C6-A532-3062-A9F3-4606FF48FB2C} = {1FA037C6-A532-3062-A9F3-4606FF48FB2C}
		{3115BB13-DB5C-3A7C-81C0-22EEF30E0589} = {3115BB13-DB5C-3A7C-81C0-22EEF30E0589}
		{86761036-2C9C-3FBA-AA64-974CA86E17EF} = {86761036-2C9C-3FBA-AA64-974CA86E17EF}
		{EA07AB8A-9C5F-3A71-A79B-9BEE25B017D8} = {EA07AB8A-9C5F-3A71-A79B-9BEE25B017D8}
		{DFF06D79-0AD4-3DD4-B472-1FDA55BAACA0} = {DFF06D79-0AD4-3DD4-B472-1FDA55BAACA0}
		{A45AE25B-6860-32A5-8C00-7AE228430DAE} = {A45AE25B-6860-32A5-8C00-7AE228430DAE}
		{5B435BCC-DE62-37D4-B0B4-D5E35591F4EE} = {5B435BCC-DE62-37D4-B0B4-D5E35591F4EE}
		{86A2425E-BB13-3EB1-B134-DBD7DF0716F1} = {86A2425E-BB13-3EB1-B134-DBD7DF0716F1}
		{D8789D14-9F14-308A-BC94-3019F26B6282} = {D8789D14-9F14-308A-BC94-3019F26B6282}
		{E4642EA5-302C-3CD8-A13F-7E2DA6B329A2} = {E4642EA5-302C-3CD8-A13F-7E2DA6B329A2}
		{9C8A7831-86F8-34EC-BD43-9FFF9B965EA6} = {9C8A7831-86F8-34EC-BD43-9FFF9B965EA6}
		{BECEBD04-ADAA-3922-8FD7-44A0F31936DB} = {BECEBD04-ADAA-3922-8FD7-44A0F31936DB}
		{276650E8-BC6B-3E58-9366-BA63C4B553FF} = {276650E8-BC6B-3E58-9366-BA63C4B553FF}
		{C67C408E-CC95-367E-A49C-E19D1B7F5492} = {C67C408E-CC95-367E-A49C-E19D1B7F5492}
		{A29F68AF-271D-3C3D-BAD0-C6FDFCAE2BD8} = {A29F68AF-271D-3C3D-BAD0-C6FDFCAE2BD8}
		{554F76A6-163A-3252-86BF-9D9AAB514B0F} = {554F76A6-163A-3252-86BF-9D9AAB514B0F}
		{7815C8D2-429C-3D43-8A0B-70F3F026D4C8} = {7815C8D2-429C-3D43-8A0B-70F3F026D4C8}
		{160D62AB-16AF-356E-82B2-F49DDDF23EB3} = {160D62AB-16AF-356E-82B2-F49DDDF23EB3}
		{760FC113-9B65-34A8-A397-72A7ECAE9A16} = {760FC113-9B65-34A8-A397-72A7ECAE9A16}
		{4E92F928-90F0-3A5F-8C0F-53270485D466} = {4E92F928-90F0-3A5F-8C0F-53270485D466}
		{FE38D87A-7D9C-36B0-8100-F4EE6CD7583B} = {FE38D87A-7D9C-36B0-8100-F4EE6CD7583B}
	EndProjectSection
EndProject
Project("{8BC9CEB8-8B4A-11D0-8D11-00A0C91BC942}") = "Modern", "modern\core\Modern.vcxproj", "{750C13B4-944F-320B-919D-6773D3AFACE9}"
	ProjectSection(ProjectDependencies) = postProject
		{4E92F928-90F0-3A5F-8C0F-53270485D466} = {4E92F928-90F0-3A5F-8C0F-53270485D466}
	EndProjectSection
EndProject
Project("{8BC9CEB8-8B4A-11D0-8D11-00A0C91BC942}") = "ModernClientAppTests", "modern\client\application\ModernClientAppTests.vcxproj", "{70DBB8C5-3C23-3B07-8F91-BC656DD1A0EC}"
	ProjectSection(ProjectDependencies) = postProject
		{750C13B4-944F-320B-919D-6773D3AFACE9} = {750C13B4-944F-320B-919D-6773D3AFACE9}
		{EAEA0563-86FF-3B97-8C81-06F914175741} = {EAEA0563-86FF-3B97-8C81-06F914175741}
		{A45AE25B-6860-32A5-8C00-7AE228430DAE} = {A45AE25B-6860-32A5-8C00-7AE228430DAE}
		{9C8A7831-86F8-34EC-BD43-9FFF9B965EA6} = {9C8A7831-86F8-34EC-BD43-9FFF9B965EA6}
		{4E92F928-90F0-3A5F-8C0F-53270485D466} = {4E92F928-90F0-3A5F-8C0F-53270485D466}
	EndProjectSection
EndProject
Project("{8BC9CEB8-8B4A-11D0-8D11-00A0C91BC942}") = "ModernClientApplication", "modern\client\application\ModernClientApplication.vcxproj", "{EAEA0563-86FF-3B97-8C81-06F914175741}"
	ProjectSection(ProjectDependencies) = postProject
		{750C13B4-944F-320B-919D-6773D3AFACE9} = {750C13B4-944F-320B-919D-6773D3AFACE9}
		{A45AE25B-6860-32A5-8C00-7AE228430DAE} = {A45AE25B-6860-32A5-8C00-7AE228430DAE}
		{9C8A7831-86F8-34EC-BD43-9FFF9B965EA6} = {9C8A7831-86F8-34EC-BD43-9FFF9B965EA6}
		{4E92F928-90F0-3A5F-8C0F-53270485D466} = {4E92F928-90F0-3A5F-8C0F-53270485D466}
	EndProjectSection
EndProject
Project("{8BC9CEB8-8B4A-11D0-8D11-00A0C91BC942}") = "ModernClientAssetTests", "modern\client\assets\ModernClientAssetTests.vcxproj", "{037AFC1F-C7EC-3E60-9CE0-D7DB1732A795}"
	ProjectSection(ProjectDependencies) = postProject
		{750C13B4-944F-320B-919D-6773D3AFACE9} = {750C13B4-944F-320B-919D-6773D3AFACE9}
		{3115BB13-DB5C-3A7C-81C0-22EEF30E0589} = {3115BB13-DB5C-3A7C-81C0-22EEF30E0589}
		{C67C408E-CC95-367E-A49C-E19D1B7F5492} = {C67C408E-CC95-367E-A49C-E19D1B7F5492}
		{4E92F928-90F0-3A5F-8C0F-53270485D466} = {4E92F928-90F0-3A5F-8C0F-53270485D466}
	EndProjectSection
EndProject
Project("{8BC9CEB8-8B4A-11D0-8D11-00A0C91BC942}") = "ModernClientAssetUpload", "modern\client\rendering\ModernClientAssetUpload.vcxproj", "{456E389A-13F4-32DE-9780-99E92FD14706}"
	ProjectSection(ProjectDependencies) = postProject
		{750C13B4-944F-320B-919D-6773D3AFACE9} = {750C13B4-944F-320B-919D-6773D3AFACE9}
		{3115BB13-DB5C-3A7C-81C0-22EEF30E0589} = {3115BB13-DB5C-3A7C-81C0-22EEF30E0589}
		{9C8A7831-86F8-34EC-BD43-9FFF9B965EA6} = {9C8A7831-86F8-34EC-BD43-9FFF9B965EA6}
		{C67C408E-CC95-367E-A49C-E19D1B7F5492} = {C67C408E-CC95-367E-A49C-E19D1B7F5492}
		{4E92F928-90F0-3A5F-8C0F-53270485D466} = {4E92F928-90F0-3A5F-8C0F-53270485D466}
	EndProjectSection
EndProject
Project("{8BC9CEB8-8B4A-11D0-8D11-00A0C91BC942}") = "ModernClientAssetUploadTests", "modern\client\rendering\ModernClientAssetUploadTests.vcxproj", "{1FA037C6-A532-3062-A9F3-4606FF48FB2C}"
	ProjectSection(ProjectDependencies) = postProject
		{750C13B4-944F-320B-919D-6773D3AFACE9} = {750C13B4-944F-320B-919D-6773D3AFACE9}
		{456E389A-13F4-32DE-9780-99E92FD14706} = {456E389A-13F4-32DE-9780-99E92FD14706}
		{3115BB13-DB5C-3A7C-81C0-22EEF30E0589} = {3115BB13-DB5C-3A7C-81C0-22EEF30E0589}
		{9C8A7831-86F8-34EC-BD43-9FFF9B965EA6} = {9C8A7831-86F8-34EC-BD43-9FFF9B965EA6}
		{C67C408E-CC95-367E-A49C-E19D1B7F5492} = {C67C408E-CC95-367E-A49C-E19D1B7F5492}
		{4E92F928-90F0-3A5F-8C0F-53270485D466} = {4E92F928-90F0-3A5F-8C0F-53270485D466}
	EndProjectSection
EndProject
Project("{8BC9CEB8-8B4A-11D0-8D11-00A0C91BC942}") = "ModernClientAssets", "modern\client\assets\ModernClientAssets.vcxproj", "{3115BB13-DB5C-3A7C-81C0-22EEF30E0589}"
	ProjectSection(ProjectDependencies) = postProject
		{750C13B4-944F-320B-919D-6773D3AFACE9} = {750C13B4-944F-320B-919D-6773D3AFACE9}
		{C67C408E-CC95-367E-A49C-E19D1B7F5492} = {C67C408E-CC95-367E-A49C-E19D1B7F5492}
		{4E92F928-90F0-3A5F-8C0F-53270485D466} = {4E92F928-90F0-3A5F-8C0F-53270485D466}
	EndProjectSection
EndProject
Project("{8BC9CEB8-8B4A-11D0-8D11-00A0C91BC942}") = "ModernClientDdsImageTests", "modern\client\assets\ModernClientDdsImageTests.vcxproj", "{86761036-2C9C-3FBA-AA64-974CA86E17EF}"
	ProjectSection(ProjectDependencies) = postProject
		{750C13B4-944F-320B-919D-6773D3AFACE9} = {750C13B4-944F-320B-919D-6773D3AFACE9}
		{3115BB13-DB5C-3A7C-81C0-22EEF30E0589} = {3115BB13-DB5C-3A7C-81C0-22EEF30E0589}
		{C67C408E-CC95-367E-A49C-E19D1B7F5492} = {C67C408E-CC95-367E-A49C-E19D1B7F5492}
		{4E92F928-90F0-3A5F-8C0F-53270485D466} = {4E92F928-90F0-3A5F-8C0F-53270485D466}
	EndProjectSection
EndProject
Project("{8BC9CEB8-8B4A-11D0-8D11-00A0C91BC942}") = "ModernClientGameplay", "modern\client\gameplay\ModernClientGameplay.vcxproj", "{EA07AB8A-9C5F-3A71-A79B-9BEE25B017D8}"
	ProjectSection(ProjectDependencies) = postProject
		{750C13B4-944F-320B-919D-6773D3AFACE9} = {750C13B4-944F-320B-919D-6773D3AFACE9}
		{4E92F928-90F0-3A5F-8C0F-53270485D466} = {4E92F928-90F0-3A5F-8C0F-53270485D466}
	EndProjectSection
EndProject
Project("{8BC9CEB8-8B4A-11D0-8D11-00A0C91BC942}") = "ModernClientGameplayTests", "modern\client\gameplay\ModernClientGameplayTests.vcxproj", "{DFF06D79-0AD4-3DD4-B472-1FDA55BAACA0}"
	ProjectSection(ProjectDependencies) = postProject
		{750C13B4-944F-320B-919D-6773D3AFACE9} = {750C13B4-944F-320B-919D-6773D3AFACE9}
		{EA07AB8A-9C5F-3A71-A79B-9BEE25B017D8} = {EA07AB8A-9C5F-3A71-A79B-9BEE25B017D8}
		{160D62AB-16AF-356E-82B2-F49DDDF23EB3} = {160D62AB-16AF-356E-82B2-F49DDDF23EB3}
		{4E92F928-90F0-3A5F-8C0F-53270485D466} = {4E92F928-90F0-3A5F-8C0F-53270485D466}
	EndProjectSection
EndProject
Project("{8BC9CEB8-8B4A-11D0-8D11-00A0C91BC942}") = "ModernClientInput", "modern\client\input\ModernClientInput.vcxproj", "{A45AE25B-6860-32A5-8C00-7AE228430DAE}"
	ProjectSection(ProjectDependencies) = postProject
		{750C13B4-944F-320B-919D-6773D3AFACE9} = {750C13B4-944F-320B-919D-6773D3AFACE9}
		{4E92F928-90F0-3A5F-8C0F-53270485D466} = {4E92F928-90F0-3A5F-8C0F-53270485D466}
	EndProjectSection
EndProject
Project("{8BC9CEB8-8B4A-11D0-8D11-00A0C91BC942}") = "ModernClientInputTests", "modern\client\input\ModernClientInputTests.vcxproj", "{5B435BCC-DE62-37D4-B0B4-D5E35591F4EE}"
	ProjectSection(ProjectDependencies) = postProject
		{750C13B4-944F-320B-919D-6773D3AFACE9} = {750C13B4-944F-320B-919D-6773D3AFACE9}
		{EAEA0563-86FF-3B97-8C81-06F914175741} = {EAEA0563-86FF-3B97-8C81-06F914175741}
		{A45AE25B-6860-32A5-8C00-7AE228430DAE} = {A45AE25B-6860-32A5-8C00-7AE228430DAE}
		{9C8A7831-86F8-34EC-BD43-9FFF9B965EA6} = {9C8A7831-86F8-34EC-BD43-9FFF9B965EA6}
		{4E92F928-90F0-3A5F-8C0F-53270485D466} = {4E92F928-90F0-3A5F-8C0F-53270485D466}
	EndProjectSection
EndProject
Project("{8BC9CEB8-8B4A-11D0-8D11-00A0C91BC942}") = "ModernClientMeshAssetTests", "modern\client\assets\ModernClientMeshAssetTests.vcxproj", "{86A2425E-BB13-3EB1-B134-DBD7DF0716F1}"
	ProjectSection(ProjectDependencies) = postProject
		{750C13B4-944F-320B-919D-6773D3AFACE9} = {750C13B4-944F-320B-919D-6773D3AFACE9}
		{3115BB13-DB5C-3A7C-81C0-22EEF30E0589} = {3115BB13-DB5C-3A7C-81C0-22EEF30E0589}
		{C67C408E-CC95-367E-A49C-E19D1B7F5492} = {C67C408E-CC95-367E-A49C-E19D1B7F5492}
		{4E92F928-90F0-3A5F-8C0F-53270485D466} = {4E92F928-90F0-3A5F-8C0F-53270485D466}
	EndProjectSection
EndProject
Project("{8BC9CEB8-8B4A-11D0-8D11-00A0C91BC942}") = "ModernClientMtfTests", "modern\client\assets\ModernClientMtfTests.vcxproj", "{D8789D14-9F14-308A-BC94-3019F26B6282}"
	ProjectSection(ProjectDependencies) = postProject
		{750C13B4-944F-320B-919D-6773D3AFACE9} = {750C13B4-944F-320B-919D-6773D3AFACE9}
		{3115BB13-DB5C-3A7C-81C0-22EEF30E0589} = {3115BB13-DB5C-3A7C-81C0-22EEF30E0589}
		{C67C408E-CC95-367E-A49C-E19D1B7F5492} = {C67C408E-CC95-367E-A49C-E19D1B7F5492}
		{4E92F928-90F0-3A5F-8C0F-53270485D466} = {4E92F928-90F0-3A5F-8C0F-53270485D466}
	EndProjectSection
EndProject
Project("{8BC9CEB8-8B4A-11D0-8D11-00A0C91BC942}") = "ModernClientMxfTests", "modern\client\assets\ModernClientMxfTests.vcxproj", "{E4642EA5-302C-3CD8-A13F-7E2DA6B329A2}"
	ProjectSection(ProjectDependencies) = postProject
		{750C13B4-944F-320B-919D-6773D3AFACE9} = {750C13B4-944F-320B-919D-6773D3AFACE9}
		{3115BB13-DB5C-3A7C-81C0-22EEF30E0589} = {3115BB13-DB5C-3A7C-81C0-22EEF30E0589}
		{C67C408E-CC95-367E-A49C-E19D1B7F5492} = {C67C408E-CC95-367E-A49C-E19D1B7F5492}
		{4E92F928-90F0-3A5F-8C0F-53270485D466} = {4E92F928-90F0-3A5F-8C0F-53270485D466}
	EndProjectSection
EndProject
Project("{8BC9CEB8-8B4A-11D0-8D11-00A0C91BC942}") = "ModernClientRendering", "modern\client\rendering\ModernClientRendering.vcxproj", "{9C8A7831-86F8-34EC-BD43-9FFF9B965EA6}"
	ProjectSection(ProjectDependencies) = postProject
		{750C13B4-944F-320B-919D-6773D3AFACE9} = {750C13B4-944F-320B-919D-6773D3AFACE9}
		{4E92F928-90F0-3A5F-8C0F-53270485D466} = {4E92F928-90F0-3A5F-8C0F-53270485D466}
	EndProjectSection
EndProject
Project("{8BC9CEB8-8B4A-11D0-8D11-00A0C91BC942}") = "ModernClientRenderingTests", "modern\client\rendering\ModernClientRenderingTests.vcxproj", "{BECEBD04-ADAA-3922-8FD7-44A0F31936DB}"
	ProjectSection(ProjectDependencies) = postProject
		{750C13B4-944F-320B-919D-6773D3AFACE9} = {750C13B4-944F-320B-919D-6773D3AFACE9}
		{EAEA0563-86FF-3B97-8C81-06F914175741} = {EAEA0563-86FF-3B97-8C81-06F914175741}
		{A45AE25B-6860-32A5-8C00-7AE228430DAE} = {A45AE25B-6860-32A5-8C00-7AE228430DAE}
		{9C8A7831-86F8-34EC-BD43-9FFF9B965EA6} = {9C8A7831-86F8-34EC-BD43-9FFF9B965EA6}
		{4E92F928-90F0-3A5F-8C0F-53270485D466} = {4E92F928-90F0-3A5F-8C0F-53270485D466}
	EndProjectSection
EndProject
Project("{8BC9CEB8-8B4A-11D0-8D11-00A0C91BC942}") = "ModernClientResourceTests", "modern\client\resources\ModernClientResourceTests.vcxproj", "{276650E8-BC6B-3E58-9366-BA63C4B553FF}"
	ProjectSection(ProjectDependencies) = postProject
		{750C13B4-944F-320B-919D-6773D3AFACE9} = {750C13B4-944F-320B-919D-6773D3AFACE9}
		{C67C408E-CC95-367E-A49C-E19D1B7F5492} = {C67C408E-CC95-367E-A49C-E19D1B7F5492}
		{4E92F928-90F0-3A5F-8C0F-53270485D466} = {4E92F928-90F0-3A5F-8C0F-53270485D466}
	EndProjectSection
EndProject
Project("{8BC9CEB8-8B4A-11D0-8D11-00A0C91BC942}") = "ModernClientResources", "modern\client\resources\ModernClientResources.vcxproj", "{C67C408E-CC95-367E-A49C-E19D1B7F5492}"
	ProjectSection(ProjectDependencies) = postProject
		{750C13B4-944F-320B-919D-6773D3AFACE9} = {750C13B4-944F-320B-919D-6773D3AFACE9}
		{4E92F928-90F0-3A5F-8C0F-53270485D466} = {4E92F928-90F0-3A5F-8C0F-53270485D466}
	EndProjectSection
EndProject
Project("{8BC9CEB8-8B4A-11D0-8D11-00A0C91BC942}") = "ModernClientXMeshTests", "modern\client\assets\ModernClientXMeshTests.vcxproj", "{A29F68AF-271D-3C3D-BAD0-C6FDFCAE2BD8}"
	ProjectSection(ProjectDependencies) = postProject
		{750C13B4-944F-320B-919D-6773D3AFACE9} = {750C13B4-944F-320B-919D-6773D3AFACE9}
		{3115BB13-DB5C-3A7C-81C0-22EEF30E0589} = {3115BB13-DB5C-3A7C-81C0-22EEF30E0589}
		{C67C408E-CC95-367E-A49C-E19D1B7F5492} = {C67C408E-CC95-367E-A49C-E19D1B7F5492}
		{4E92F928-90F0-3A5F-8C0F-53270485D466} = {4E92F928-90F0-3A5F-8C0F-53270485D466}
	EndProjectSection
EndProject
Project("{8BC9CEB8-8B4A-11D0-8D11-00A0C91BC942}") = "ModernCoreTests", "modern\tests\ModernCoreTests.vcxproj", "{554F76A6-163A-3252-86BF-9D9AAB514B0F}"
	ProjectSection(ProjectDependencies) = postProject
		{750C13B4-944F-320B-919D-6773D3AFACE9} = {750C13B4-944F-320B-919D-6773D3AFACE9}
		{4E92F928-90F0-3A5F-8C0F-53270485D466} = {4E92F928-90F0-3A5F-8C0F-53270485D466}
	EndProjectSection
EndProject
Project("{8BC9CEB8-8B4A-11D0-8D11-00A0C91BC942}") = "ModernEmulator", "modern\tools\emulator\ModernEmulator.vcxproj", "{7815C8D2-429C-3D43-8A0B-70F3F026D4C8}"
	ProjectSection(ProjectDependencies) = postProject
		{750C13B4-944F-320B-919D-6773D3AFACE9} = {750C13B4-944F-320B-919D-6773D3AFACE9}
		{EAEA0563-86FF-3B97-8C81-06F914175741} = {EAEA0563-86FF-3B97-8C81-06F914175741}
		{456E389A-13F4-32DE-9780-99E92FD14706} = {456E389A-13F4-32DE-9780-99E92FD14706}
		{3115BB13-DB5C-3A7C-81C0-22EEF30E0589} = {3115BB13-DB5C-3A7C-81C0-22EEF30E0589}
		{A45AE25B-6860-32A5-8C00-7AE228430DAE} = {A45AE25B-6860-32A5-8C00-7AE228430DAE}
		{9C8A7831-86F8-34EC-BD43-9FFF9B965EA6} = {9C8A7831-86F8-34EC-BD43-9FFF9B965EA6}
		{C67C408E-CC95-367E-A49C-E19D1B7F5492} = {C67C408E-CC95-367E-A49C-E19D1B7F5492}
		{4E92F928-90F0-3A5F-8C0F-53270485D466} = {4E92F928-90F0-3A5F-8C0F-53270485D466}
	EndProjectSection
EndProject
Project("{8BC9CEB8-8B4A-11D0-8D11-00A0C91BC942}") = "ModernServer", "modern\server\ModernServer.vcxproj", "{160D62AB-16AF-356E-82B2-F49DDDF23EB3}"
	ProjectSection(ProjectDependencies) = postProject
		{750C13B4-944F-320B-919D-6773D3AFACE9} = {750C13B4-944F-320B-919D-6773D3AFACE9}
		{4E92F928-90F0-3A5F-8C0F-53270485D466} = {4E92F928-90F0-3A5F-8C0F-53270485D466}
	EndProjectSection
EndProject
Project("{8BC9CEB8-8B4A-11D0-8D11-00A0C91BC942}") = "ModernServerTests", "modern\server\ModernServerTests.vcxproj", "{760FC113-9B65-34A8-A397-72A7ECAE9A16}"
	ProjectSection(ProjectDependencies) = postProject
		{750C13B4-944F-320B-919D-6773D3AFACE9} = {750C13B4-944F-320B-919D-6773D3AFACE9}
		{160D62AB-16AF-356E-82B2-F49DDDF23EB3} = {160D62AB-16AF-356E-82B2-F49DDDF23EB3}
		{4E92F928-90F0-3A5F-8C0F-53270485D466} = {4E92F928-90F0-3A5F-8C0F-53270485D466}
	EndProjectSection
EndProject
Project("{8BC9CEB8-8B4A-11D0-8D11-00A0C91BC942}") = "RUN_TESTS", "RUN_TESTS.vcxproj", "{726F6575-9B32-3519-ACE9-C4FE3382938F}"
	ProjectSection(ProjectDependencies) = postProject
		{4E92F928-90F0-3A5F-8C0F-53270485D466} = {4E92F928-90F0-3A5F-8C0F-53270485D466}
	EndProjectSection
EndProject
Project("{8BC9CEB8-8B4A-11D0-8D11-00A0C91BC942}") = "ZERO_CHECK", "ZERO_CHECK.vcxproj", "{4E92F928-90F0-3A5F-8C0F-53270485D466}"
	ProjectSection(ProjectDependencies) = postProject
	EndProjectSection
EndProject
Project("{8BC9CEB8-8B4A-11D0-8D11-00A0C91BC942}") = "exptable_dump", "modern\tools\exptable_dump.vcxproj", "{FE38D87A-7D9C-36B0-8100-F4EE6CD7583B}"
	ProjectSection(ProjectDependencies) = postProject
		{4E92F928-90F0-3A5F-8C0F-53270485D466} = {4E92F928-90F0-3A5F-8C0F-53270485D466}
	EndProjectSection
EndProject
Global
	GlobalSection(SolutionConfigurationPlatforms) = preSolution
		Debug|x64 = Debug|x64
		Release|x64 = Release|x64
		MinSizeRel|x64 = MinSizeRel|x64
		RelWithDebInfo|x64 = RelWithDebInfo|x64
	EndGlobalSection
	GlobalSection(ProjectConfigurationPlatforms) = postSolution
		{7642FF1A-70FB-39AB-91D7-3407D84EF134}.Debug|x64.ActiveCfg = Debug|x64
		{7642FF1A-70FB-39AB-91D7-3407D84EF134}.Release|x64.ActiveCfg = Release|x64
		{7642FF1A-70FB-39AB-91D7-3407D84EF134}.MinSizeRel|x64.ActiveCfg = MinSizeRel|x64
		{7642FF1A-70FB-39AB-91D7-3407D84EF134}.RelWithDebInfo|x64.ActiveCfg = RelWithDebInfo|x64
		{750C13B4-944F-320B-919D-6773D3AFACE9}.Debug|x64.ActiveCfg = Debug|x64
		{750C13B4-944F-320B-919D-6773D3AFACE9}.Debug|x64.Build.0 = Debug|x64
		{750C13B4-944F-320B-919D-6773D3AFACE9}.Release|x64.ActiveCfg = Release|x64
		{750C13B4-944F-320B-919D-6773D3AFACE9}.Release|x64.Build.0 = Release|x64
		{750C13B4-944F-320B-919D-6773D3AFACE9}.MinSizeRel|x64.ActiveCfg = MinSizeRel|x64
		{750C13B4-944F-320B-919D-6773D3AFACE9}.MinSizeRel|x64.Build.0 = MinSizeRel|x64
		{750C13B4-944F-320B-919D-6773D3AFACE9}.RelWithDebInfo|x64.ActiveCfg = RelWithDebInfo|x64
		{750C13B4-944F-320B-919D-6773D3AFACE9}.RelWithDebInfo|x64.Build.0 = RelWithDebInfo|x64
		{70DBB8C5-3C23-3B07-8F91-BC656DD1A0EC}.Debug|x64.ActiveCfg = Debug|x64
		{70DBB8C5-3C23-3B07-8F91-BC656DD1A0EC}.Debug|x64.Build.0 = Debug|x64
		{70DBB8C5-3C23-3B07-8F91-BC656DD1A0EC}.Release|x64.ActiveCfg = Release|x64
		{70DBB8C5-3C23-3B07-8F91-BC656DD1A0EC}.Release|x64.Build.0 = Release|x64
		{70DBB8C5-3C23-3B07-8F91-BC656DD1A0EC}.MinSizeRel|x64.ActiveCfg = MinSizeRel|x64
		{70DBB8C5-3C23-3B07-8F91-BC656DD1A0EC}.MinSizeRel|x64.Build.0 = MinSizeRel|x64
		{70DBB8C5-3C23-3B07-8F91-BC656DD1A0EC}.RelWithDebInfo|x64.ActiveCfg = RelWithDebInfo|x64
		{70DBB8C5-3C23-3B07-8F91-BC656DD1A0EC}.RelWithDebInfo|x64.Build.0 = RelWithDebInfo|x64
		{EAEA0563-86FF-3B97-8C81-06F914175741}.Debug|x64.ActiveCfg = Debug|x64
		{EAEA0563-86FF-3B97-8C81-06F914175741}.Debug|x64.Build.0 = Debug|x64
		{EAEA0563-86FF-3B97-8C81-06F914175741}.Release|x64.ActiveCfg = Release|x64
		{EAEA0563-86FF-3B97-8C81-06F914175741}.Release|x64.Build.0 = Release|x64
		{EAEA0563-86FF-3B97-8C81-06F914175741}.MinSizeRel|x64.ActiveCfg = MinSizeRel|x64
		{EAEA0563-86FF-3B97-8C81-06F914175741}.MinSizeRel|x64.Build.0 = MinSizeRel|x64
		{EAEA0563-86FF-3B97-8C81-06F914175741}.RelWithDebInfo|x64.ActiveCfg = RelWithDebInfo|x64
		{EAEA0563-86FF-3B97-8C81-06F914175741}.RelWithDebInfo|x64.Build.0 = RelWithDebInfo|x64
		{037AFC1F-C7EC-3E60-9CE0-D7DB1732A795}.Debug|x64.ActiveCfg = Debug|x64
		{037AFC1F-C7EC-3E60-9CE0-D7DB1732A795}.Debug|x64.Build.0 = Debug|x64
		{037AFC1F-C7EC-3E60-9CE0-D7DB1732A795}.Release|x64.ActiveCfg = Release|x64
		{037AFC1F-C7EC-3E60-9CE0-D7DB1732A795}.Release|x64.Build.0 = Release|x64
		{037AFC1F-C7EC-3E60-9CE0-D7DB1732A795}.MinSizeRel|x64.ActiveCfg = MinSizeRel|x64
		{037AFC1F-C7EC-3E60-9CE0-D7DB1732A795}.MinSizeRel|x64.Build.0 = MinSizeRel|x64
		{037AFC1F-C7EC-3E60-9CE0-D7DB1732A795}.RelWithDebInfo|x64.ActiveCfg = RelWithDebInfo|x64
		{037AFC1F-C7EC-3E60-9CE0-D7DB1732A795}.RelWithDebInfo|x64.Build.0 = RelWithDebInfo|x64
		{456E389A-13F4-32DE-9780-99E92FD14706}.Debug|x64.ActiveCfg = Debug|x64
		{456E389A-13F4-32DE-9780-99E92FD14706}.Debug|x64.Build.0 = Debug|x64
		{456E389A-13F4-32DE-9780-99E92FD14706}.Release|x64.ActiveCfg = Release|x64
		{456E389A-13F4-32DE-9780-99E92FD14706}.Release|x64.Build.0 = Release|x64
		{456E389A-13F4-32DE-9780-99E92FD14706}.MinSizeRel|x64.ActiveCfg = MinSizeRel|x64
		{456E389A-13F4-32DE-9780-99E92FD14706}.MinSizeRel|x64.Build.0 = MinSizeRel|x64
		{456E389A-13F4-32DE-9780-99E92FD14706}.RelWithDebInfo|x64.ActiveCfg = RelWithDebInfo|x64
		{456E389A-13F4-32DE-9780-99E92FD14706}.RelWithDebInfo|x64.Build.0 = RelWithDebInfo|x64
		{1FA037C6-A532-3062-A9F3-4606FF48FB2C}.Debug|x64.ActiveCfg = Debug|x64
		{1FA037C6-A532-3062-A9F3-4606FF48FB2C}.Debug|x64.Build.0 = Debug|x64
		{1FA037C6-A532-3062-A9F3-4606FF48FB2C}.Release|x64.ActiveCfg = Release|x64
		{1FA037C6-A532-3062-A9F3-4606FF48FB2C}.Release|x64.Build.0 = Release|x64
		{1FA037C6-A532-3062-A9F3-4606FF48FB2C}.MinSizeRel|x64.ActiveCfg = MinSizeRel|x64
		{1FA037C6-A532-3062-A9F3-4606FF48FB2C}.MinSizeRel|x64.Build.0 = MinSizeRel|x64
		{1FA037C6-A532-3062-A9F3-4606FF48FB2C}.RelWithDebInfo|x64.ActiveCfg = RelWithDebInfo|x64
		{1FA037C6-A532-3062-A9F3-4606FF48FB2C}.RelWithDebInfo|x64.Build.0 = RelWithDebInfo|x64
		{3115BB13-DB5C-3A7C-81C0-22EEF30E0589}.Debug|x64.ActiveCfg = Debug|x64
		{3115BB13-DB5C-3A7C-81C0-22EEF30E0589}.Debug|x64.Build.0 = Debug|x64
		{3115BB13-DB5C-3A7C-81C0-22EEF30E0589}.Release|x64.ActiveCfg = Release|x64
		{3115BB13-DB5C-3A7C-81C0-22EEF30E0589}.Release|x64.Build.0 = Release|x64
		{3115BB13-DB5C-3A7C-81C0-22EEF30E0589}.MinSizeRel|x64.ActiveCfg = MinSizeRel|x64
		{3115BB13-DB5C-3A7C-81C0-22EEF30E0589}.MinSizeRel|x64.Build.0 = MinSizeRel|x64
		{3115BB13-DB5C-3A7C-81C0-22EEF30E0589}.RelWithDebInfo|x64.ActiveCfg = RelWithDebInfo|x64
		{3115BB13-DB5C-3A7C-81C0-22EEF30E0589}.RelWithDebInfo|x64.Build.0 = RelWithDebInfo|x64
		{86761036-2C9C-3FBA-AA64-974CA86E17EF}.Debug|x64.ActiveCfg = Debug|x64
		{86761036-2C9C-3FBA-AA64-974CA86E17EF}.Debug|x64.Build.0 = Debug|x64
		{86761036-2C9C-3FBA-AA64-974CA86E17EF}.Release|x64.ActiveCfg = Release|x64
		{86761036-2C9C-3FBA-AA64-974CA86E17EF}.Release|x64.Build.0 = Release|x64
		{86761036-2C9C-3FBA-AA64-974CA86E17EF}.MinSizeRel|x64.ActiveCfg = MinSizeRel|x64
		{86761036-2C9C-3FBA-AA64-974CA86E17EF}.MinSizeRel|x64.Build.0 = MinSizeRel|x64
		{86761036-2C9C-3FBA-AA64-974CA86E17EF}.RelWithDebInfo|x64.ActiveCfg = RelWithDebInfo|x64
		{86761036-2C9C-3FBA-AA64-974CA86E17EF}.RelWithDebInfo|x64.Build.0 = RelWithDebInfo|x64
		{EA07AB8A-9C5F-3A71-A79B-9BEE25B017D8}.Debug|x64.ActiveCfg = Debug|x64
		{EA07AB8A-9C5F-3A71-A79B-9BEE25B017D8}.Debug|x64.Build.0 = Debug|x64
		{EA07AB8A-9C5F-3A71-A79B-9BEE25B017D8}.Release|x64.ActiveCfg = Release|x64
		{EA07AB8A-9C5F-3A71-A79B-9BEE25B017D8}.Release|x64.Build.0 = Release|x64
		{EA07AB8A-9C5F-3A71-A79B-9BEE25B017D8}.MinSizeRel|x64.ActiveCfg = MinSizeRel|x64
		{EA07AB8A-9C5F-3A71-A79B-9BEE25B017D8}.MinSizeRel|x64.Build.0 = MinSizeRel|x64
		{EA07AB8A-9C5F-3A71-A79B-9BEE25B017D8}.RelWithDebInfo|x64.ActiveCfg = RelWithDebInfo|x64
		{EA07AB8A-9C5F-3A71-A79B-9BEE25B017D8}.RelWithDebInfo|x64.Build.0 = RelWithDebInfo|x64
		{DFF06D79-0AD4-3DD4-B472-1FDA55BAACA0}.Debug|x64.ActiveCfg = Debug|x64
		{DFF06D79-0AD4-3DD4-B472-1FDA55BAACA0}.Debug|x64.Build.0 = Debug|x64
		{DFF06D79-0AD4-3DD4-B472-1FDA55BAACA0}.Release|x64.ActiveCfg = Release|x64
		{DFF06D79-0AD4-3DD4-B472-1FDA55BAACA0}.Release|x64.Build.0 = Release|x64
		{DFF06D79-0AD4-3DD4-B472-1FDA55BAACA0}.MinSizeRel|x64.ActiveCfg = MinSizeRel|x64
		{DFF06D79-0AD4-3DD4-B472-1FDA55BAACA0}.MinSizeRel|x64.Build.0 = MinSizeRel|x64
		{DFF06D79-0AD4-3DD4-B472-1FDA55BAACA0}.RelWithDebInfo|x64.ActiveCfg = RelWithDebInfo|x64
		{DFF06D79-0AD4-3DD4-B472-1FDA55BAACA0}.RelWithDebInfo|x64.Build.0 = RelWithDebInfo|x64
		{A45AE25B-6860-32A5-8C00-7AE228430DAE}.Debug|x64.ActiveCfg = Debug|x64
		{A45AE25B-6860-32A5-8C00-7AE228430DAE}.Debug|x64.Build.0 = Debug|x64
		{A45AE25B-6860-32A5-8C00-7AE228430DAE}.Release|x64.ActiveCfg = Release|x64
		{A45AE25B-6860-32A5-8C00-7AE228430DAE}.Release|x64.Build.0 = Release|x64
		{A45AE25B-6860-32A5-8C00-7AE228430DAE}.MinSizeRel|x64.ActiveCfg = MinSizeRel|x64
		{A45AE25B-6860-32A5-8C00-7AE228430DAE}.MinSizeRel|x64.Build.0 = MinSizeRel|x64
		{A45AE25B-6860-32A5-8C00-7AE228430DAE}.RelWithDebInfo|x64.ActiveCfg = RelWithDebInfo|x64
		{A45AE25B-6860-32A5-8C00-7AE228430DAE}.RelWithDebInfo|x64.Build.0 = RelWithDebInfo|x64
		{5B435BCC-DE62-37D4-B0B4-D5E35591F4EE}.Debug|x64.ActiveCfg = Debug|x64
		{5B435BCC-DE62-37D4-B0B4-D5E35591F4EE}.Debug|x64.Build.0 = Debug|x64
		{5B435BCC-DE62-37D4-B0B4-D5E35591F4EE}.Release|x64.ActiveCfg = Release|x64
		{5B435BCC-DE62-37D4-B0B4-D5E35591F4EE}.Release|x64.Build.0 = Release|x64
		{5B435BCC-DE62-37D4-B0B4-D5E35591F4EE}.MinSizeRel|x64.ActiveCfg = MinSizeRel|x64
		{5B435BCC-DE62-37D4-B0B4-D5E35591F4EE}.MinSizeRel|x64.Build.0 = MinSizeRel|x64
		{5B435BCC-DE62-37D4-B0B4-D5E35591F4EE}.RelWithDebInfo|x64.ActiveCfg = RelWithDebInfo|x64
		{5B435BCC-DE62-37D4-B0B4-D5E35591F4EE}.RelWithDebInfo|x64.Build.0 = RelWithDebInfo|x64
		{86A2425E-BB13-3EB1-B134-DBD7DF0716F1}.Debug|x64.ActiveCfg = Debug|x64
		{86A2425E-BB13-3EB1-B134-DBD7DF0716F1}.Debug|x64.Build.0 = Debug|x64
		{86A2425E-BB13-3EB1-B134-DBD7DF0716F1}.Release|x64.ActiveCfg = Release|x64
		{86A2425E-BB13-3EB1-B134-DBD7DF0716F1}.Release|x64.Build.0 = Release|x64
		{86A2425E-BB13-3EB1-B134-DBD7DF0716F1}.MinSizeRel|x64.ActiveCfg = MinSizeRel|x64
		{86A2425E-BB13-3EB1-B134-DBD7DF0716F1}.MinSizeRel|x64.Build.0 = MinSizeRel|x64
		{86A2425E-BB13-3EB1-B134-DBD7DF0716F1}.RelWithDebInfo|x64.ActiveCfg = RelWithDebInfo|x64
		{86A2425E-BB13-3EB1-B134-DBD7DF0716F1}.RelWithDebInfo|x64.Build.0 = RelWithDebInfo|x64
		{D8789D14-9F14-308A-BC94-3019F26B6282}.Debug|x64.ActiveCfg = Debug|x64
		{D8789D14-9F14-308A-BC94-3019F26B6282}.Debug|x64.Build.0 = Debug|x64
		{D8789D14-9F14-308A-BC94-3019F26B6282}.Release|x64.ActiveCfg = Release|x64
		{D8789D14-9F14-308A-BC94-3019F26B6282}.Release|x64.Build.0 = Release|x64
		{D8789D14-9F14-308A-BC94-3019F26B6282}.MinSizeRel|x64.ActiveCfg = MinSizeRel|x64
		{D8789D14-9F14-308A-BC94-3019F26B6282}.MinSizeRel|x64.Build.0 = MinSizeRel|x64
		{D8789D14-9F14-308A-BC94-3019F26B6282}.RelWithDebInfo|x64.ActiveCfg = RelWithDebInfo|x64
		{D8789D14-9F14-308A-BC94-3019F26B6282}.RelWithDebInfo|x64.Build.0 = RelWithDebInfo|x64
		{E4642EA5-302C-3CD8-A13F-7E2DA6B329A2}.Debug|x64.ActiveCfg = Debug|x64
		{E4642EA5-302C-3CD8-A13F-7E2DA6B329A2}.Debug|x64.Build.0 = Debug|x64
		{E4642EA5-302C-3CD8-A13F-7E2DA6B329A2}.Release|x64.ActiveCfg = Release|x64
		{E4642EA5-302C-3CD8-A13F-7E2DA6B329A2}.Release|x64.Build.0 = Release|x64
		{E4642EA5-302C-3CD8-A13F-7E2DA6B329A2}.MinSizeRel|x64.ActiveCfg = MinSizeRel|x64
		{E4642EA5-302C-3CD8-A13F-7E2DA6B329A2}.MinSizeRel|x64.Build.0 = MinSizeRel|x64
		{E4642EA5-302C-3CD8-A13F-7E2DA6B329A2}.RelWithDebInfo|x64.ActiveCfg = RelWithDebInfo|x64
		{E4642EA5-302C-3CD8-A13F-7E2DA6B329A2}.RelWithDebInfo|x64.Build.0 = RelWithDebInfo|x64
		{9C8A7831-86F8-34EC-BD43-9FFF9B965EA6}.Debug|x64.ActiveCfg = Debug|x64
		{9C8A7831-86F8-34EC-BD43-9FFF9B965EA6}.Debug|x64.Build.0 = Debug|x64
		{9C8A7831-86F8-34EC-BD43-9FFF9B965EA6}.Release|x64.ActiveCfg = Release|x64
		{9C8A7831-86F8-34EC-BD43-9FFF9B965EA6}.Release|x64.Build.0 = Release|x64
		{9C8A7831-86F8-34EC-BD43-9FFF9B965EA6}.MinSizeRel|x64.ActiveCfg = MinSizeRel|x64
		{9C8A7831-86F8-34EC-BD43-9FFF9B965EA6}.MinSizeRel|x64.Build.0 = MinSizeRel|x64
		{9C8A7831-86F8-34EC-BD43-9FFF9B965EA6}.RelWithDebInfo|x64.ActiveCfg = RelWithDebInfo|x64
		{9C8A7831-86F8-34EC-BD43-9FFF9B965EA6}.RelWithDebInfo|x64.Build.0 = RelWithDebInfo|x64
		{BECEBD04-ADAA-3922-8FD7-44A0F31936DB}.Debug|x64.ActiveCfg = Debug|x64
		{BECEBD04-ADAA-3922-8FD7-44A0F31936DB}.Debug|x64.Build.0 = Debug|x64
		{BECEBD04-ADAA-3922-8FD7-44A0F31936DB}.Release|x64.ActiveCfg = Release|x64
		{BECEBD04-ADAA-3922-8FD7-44A0F31936DB}.Release|x64.Build.0 = Release|x64
		{BECEBD04-ADAA-3922-8FD7-44A0F31936DB}.MinSizeRel|x64.ActiveCfg = MinSizeRel|x64
		{BECEBD04-ADAA-3922-8FD7-44A0F31936DB}.MinSizeRel|x64.Build.0 = MinSizeRel|x64
		{BECEBD04-ADAA-3922-8FD7-44A0F31936DB}.RelWithDebInfo|x64.ActiveCfg = RelWithDebInfo|x64
		{BECEBD04-ADAA-3922-8FD7-44A0F31936DB}.RelWithDebInfo|x64.Build.0 = RelWithDebInfo|x64
		{276650E8-BC6B-3E58-9366-BA63C4B553FF}.Debug|x64.ActiveCfg = Debug|x64
		{276650E8-BC6B-3E58-9366-BA63C4B553FF}.Debug|x64.Build.0 = Debug|x64
		{276650E8-BC6B-3E58-9366-BA63C4B553FF}.Release|x64.ActiveCfg = Release|x64
		{276650E8-BC6B-3E58-9366-BA63C4B553FF}.Release|x64.Build.0 = Release|x64
		{276650E8-BC6B-3E58-9366-BA63C4B553FF}.MinSizeRel|x64.ActiveCfg = MinSizeRel|x64
		{276650E8-BC6B-3E58-9366-BA63C4B553FF}.MinSizeRel|x64.Build.0 = MinSizeRel|x64
		{276650E8-BC6B-3E58-9366-BA63C4B553FF}.RelWithDebInfo|x64.ActiveCfg = RelWithDebInfo|x64
		{276650E8-BC6B-3E58-9366-BA63C4B553FF}.RelWithDebInfo|x64.Build.0 = RelWithDebInfo|x64
		{C67C408E-CC95-367E-A49C-E19D1B7F5492}.Debug|x64.ActiveCfg = Debug|x64
		{C67C408E-CC95-367E-A49C-E19D1B7F5492}.Debug|x64.Build.0 = Debug|x64
		{C67C408E-CC95-367E-A49C-E19D1B7F5492}.Release|x64.ActiveCfg = Release|x64
		{C67C408E-CC95-367E-A49C-E19D1B7F5492}.Release|x64.Build.0 = Release|x64
		{C67C408E-CC95-367E-A49C-E19D1B7F5492}.MinSizeRel|x64.ActiveCfg = MinSizeRel|x64
		{C67C408E-CC95-367E-A49C-E19D1B7F5492}.MinSizeRel|x64.Build.0 = MinSizeRel|x64
		{C67C408E-CC95-367E-A49C-E19D1B7F5492}.RelWithDebInfo|x64.ActiveCfg = RelWithDebInfo|x64
		{C67C408E-CC95-367E-A49C-E19D1B7F5492}.RelWithDebInfo|x64.Build.0 = RelWithDebInfo|x64
		{A29F68AF-271D-3C3D-BAD0-C6FDFCAE2BD8}.Debug|x64.ActiveCfg = Debug|x64
		{A29F68AF-271D-3C3D-BAD0-C6FDFCAE2BD8}.Debug|x64.Build.0 = Debug|x64
		{A29F68AF-271D-3C3D-BAD0-C6FDFCAE2BD8}.Release|x64.ActiveCfg = Release|x64
		{A29F68AF-271D-3C3D-BAD0-C6FDFCAE2BD8}.Release|x64.Build.0 = Release|x64
		{A29F68AF-271D-3C3D-BAD0-C6FDFCAE2BD8}.MinSizeRel|x64.ActiveCfg = MinSizeRel|x64
		{A29F68AF-271D-3C3D-BAD0-C6FDFCAE2BD8}.MinSizeRel|x64.Build.0 = MinSizeRel|x64
		{A29F68AF-271D-3C3D-BAD0-C6FDFCAE2BD8}.RelWithDebInfo|x64.ActiveCfg = RelWithDebInfo|x64
		{A29F68AF-271D-3C3D-BAD0-C6FDFCAE2BD8}.RelWithDebInfo|x64.Build.0 = RelWithDebInfo|x64
		{554F76A6-163A-3252-86BF-9D9AAB514B0F}.Debug|x64.ActiveCfg = Debug|x64
		{554F76A6-163A-3252-86BF-9D9AAB514B0F}.Debug|x64.Build.0 = Debug|x64
		{554F76A6-163A-3252-86BF-9D9AAB514B0F}.Release|x64.ActiveCfg = Release|x64
		{554F76A6-163A-3252-86BF-9D9AAB514B0F}.Release|x64.Build.0 = Release|x64
		{554F76A6-163A-3252-86BF-9D9AAB514B0F}.MinSizeRel|x64.ActiveCfg = MinSizeRel|x64
		{554F76A6-163A-3252-86BF-9D9AAB514B0F}.MinSizeRel|x64.Build.0 = MinSizeRel|x64
		{554F76A6-163A-3252-86BF-9D9AAB514B0F}.RelWithDebInfo|x64.ActiveCfg = RelWithDebInfo|x64
		{554F76A6-163A-3252-86BF-9D9AAB514B0F}.RelWithDebInfo|x64.Build.0 = RelWithDebInfo|x64
		{7815C8D2-429C-3D43-8A0B-70F3F026D4C8}.Debug|x64.ActiveCfg = Debug|x64
		{7815C8D2-429C-3D43-8A0B-70F3F026D4C8}.Debug|x64.Build.0 = Debug|x64
		{7815C8D2-429C-3D43-8A0B-70F3F026D4C8}.Release|x64.ActiveCfg = Release|x64
		{7815C8D2-429C-3D43-8A0B-70F3F026D4C8}.Release|x64.Build.0 = Release|x64
		{7815C8D2-429C-3D43-8A0B-70F3F026D4C8}.MinSizeRel|x64.ActiveCfg = MinSizeRel|x64
		{7815C8D2-429C-3D43-8A0B-70F3F026D4C8}.MinSizeRel|x64.Build.0 = MinSizeRel|x64
		{7815C8D2-429C-3D43-8A0B-70F3F026D4C8}.RelWithDebInfo|x64.ActiveCfg = RelWithDebInfo|x64
		{7815C8D2-429C-3D43-8A0B-70F3F026D4C8}.RelWithDebInfo|x64.Build.0 = RelWithDebInfo|x64
		{160D62AB-16AF-356E-82B2-F49DDDF23EB3}.Debug|x64.ActiveCfg = Debug|x64
		{160D62AB-16AF-356E-82B2-F49DDDF23EB3}.Debug|x64.Build.0 = Debug|x64
		{160D62AB-16AF-356E-82B2-F49DDDF23EB3}.Release|x64.ActiveCfg = Release|x64
		{160D62AB-16AF-356E-82B2-F49DDDF23EB3}.Release|x64.Build.0 = Release|x64
		{160D62AB-16AF-356E-82B2-F49DDDF23EB3}.MinSizeRel|x64.ActiveCfg = MinSizeRel|x64
		{160D62AB-16AF-356E-82B2-F49DDDF23EB3}.MinSizeRel|x64.Build.0 = MinSizeRel|x64
		{160D62AB-16AF-356E-82B2-F49DDDF23EB3}.RelWithDebInfo|x64.ActiveCfg = RelWithDebInfo|x64
		{160D62AB-16AF-356E-82B2-F49DDDF23EB3}.RelWithDebInfo|x64.Build.0 = RelWithDebInfo|x64
		{760FC113-9B65-34A8-A397-72A7ECAE9A16}.Debug|x64.ActiveCfg = Debug|x64
		{760FC113-9B65-34A8-A397-72A7ECAE9A16}.Debug|x64.Build.0 = Debug|x64
		{760FC113-9B65-34A8-A397-72A7ECAE9A16}.Release|x64.ActiveCfg = Release|x64
		{760FC113-9B65-34A8-A397-72A7ECAE9A16}.Release|x64.Build.0 = Release|x64
		{760FC113-9B65-34A8-A397-72A7ECAE9A16}.MinSizeRel|x64.ActiveCfg = MinSizeRel|x64
		{760FC113-9B65-34A8-A397-72A7ECAE9A16}.MinSizeRel|x64.Build.0 = MinSizeRel|x64
		{760FC113-9B65-34A8-A397-72A7ECAE9A16}.RelWithDebInfo|x64.ActiveCfg = RelWithDebInfo|x64
		{760FC113-9B65-34A8-A397-72A7ECAE9A16}.RelWithDebInfo|x64.Build.0 = RelWithDebInfo|x64
		{726F6575-9B32-3519-ACE9-C4FE3382938F}.Debug|x64.ActiveCfg = Debug|x64
		{726F6575-9B32-3519-ACE9-C4FE3382938F}.Release|x64.ActiveCfg = Release|x64
		{726F6575-9B32-3519-ACE9-C4FE3382938F}.MinSizeRel|x64.ActiveCfg = MinSizeRel|x64
		{726F6575-9B32-3519-ACE9-C4FE3382938F}.RelWithDebInfo|x64.ActiveCfg = RelWithDebInfo|x64
		{4E92F928-90F0-3A5F-8C0F-53270485D466}.Debug|x64.ActiveCfg = Debug|x64
		{4E92F928-90F0-3A5F-8C0F-53270485D466}.Debug|x64.Build.0 = Debug|x64
		{4E92F928-90F0-3A5F-8C0F-53270485D466}.Release|x64.ActiveCfg = Release|x64
		{4E92F928-90F0-3A5F-8C0F-53270485D466}.Release|x64.Build.0 = Release|x64
		{4E92F928-90F0-3A5F-8C0F-53270485D466}.MinSizeRel|x64.ActiveCfg = MinSizeRel|x64
		{4E92F928-90F0-3A5F-8C0F-53270485D466}.MinSizeRel|x64.Build.0 = MinSizeRel|x64
		{4E92F928-90F0-3A5F-8C0F-53270485D466}.RelWithDebInfo|x64.ActiveCfg = RelWithDebInfo|x64
		{4E92F928-90F0-3A5F-8C0F-53270485D466}.RelWithDebInfo|x64.Build.0 = RelWithDebInfo|x64
		{FE38D87A-7D9C-36B0-8100-F4EE6CD7583B}.Debug|x64.ActiveCfg = Debug|x64
		{FE38D87A-7D9C-36B0-8100-F4EE6CD7583B}.Debug|x64.Build.0 = Debug|x64
		{FE38D87A-7D9C-36B0-8100-F4EE6CD7583B}.Release|x64.ActiveCfg = Release|x64
		{FE38D87A-7D9C-36B0-8100-F4EE6CD7583B}.Release|x64.Build.0 = Release|x64
		{FE38D87A-7D9C-36B0-8100-F4EE6CD7583B}.MinSizeRel|x64.ActiveCfg = MinSizeRel|x64
		{FE38D87A-7D9C-36B0-8100-F4EE6CD7583B}.MinSizeRel|x64.Build.0 = MinSizeRel|x64
		{FE38D87A-7D9C-36B0-8100-F4EE6CD7583B}.RelWithDebInfo|x64.ActiveCfg = RelWithDebInfo|x64
		{FE38D87A-7D9C-36B0-8100-F4EE6CD7583B}.RelWithDebInfo|x64.Build.0 = RelWithDebInfo|x64
	EndGlobalSection
	GlobalSection(NestedProjects) = preSolution
		{7642FF1A-70FB-39AB-91D7-3407D84EF134} = {A97F7A3B-6E7D-3AB1-ABA7-55A38C561C18}
		{726F6575-9B32-3519-ACE9-C4FE3382938F} = {A97F7A3B-6E7D-3AB1-ABA7-55A38C561C18}
		{4E92F928-90F0-3A5F-8C0F-53270485D466} = {A97F7A3B-6E7D-3AB1-ABA7-55A38C561C18}
	EndGlobalSection
	GlobalSection(ExtensibilityGlobals) = postSolution
		SolutionGuid = {177A0CEA-DBF3-3D3A-8A12-59B26C6C1019}
	EndGlobalSection
	GlobalSection(ExtensibilityAddIns) = postSolution
	EndGlobalSection
EndGlobal
